
Microsoft Visual Studio Solution File, Format Version 12.00
Project("{FAE04EC0-301F-11D3-BF4B-00C04F79EFBC}") = "CustomerManagementSystem", "CustomerManagementSystem.csproj", "{056BE7FB-885F-4B3D-8967-A600436A7F9B}"
EndProject
Global
	GlobalSection(SolutionConfigurationPlatforms) = preSolution
		Debug|Any CPU = Debug|Any CPU
		Release|Any CPU = Release|Any CPU
	EndGlobalSection
	GlobalSection(ProjectConfigurationPlatforms) = postSolution
		{056BE7FB-885F-4B3D-8967-A600436A7F9B}.Debug|Any CPU.ActiveCfg = Debug|Any CPU
		{056BE7FB-885F-4B3D-8967-A600436A7F9B}.Debug|Any CPU.Build.0 = Debug|Any CPU
		{056BE7FB-885F-4B3D-8967-A600436A7F9B}.Release|Any CPU.ActiveCfg = Release|Any CPU
		{056BE7FB-885F-4B3D-8967-A600436A7F9B}.Release|Any CPU.Build.0 = Release|Any CPU
	EndGlobalSection
EndGlobal
